
Microsoft Visual Studio Solution File, Format Version 12.00
# Visual Studio Version 17
VisualStudioVersion = 17.10.35122.118
MinimumVisualStudioVersion = 10.0.40219.1
Project("{FAE04EC0-301F-11D3-BF4B-00C04F79EFBC}") = "CS311-prelimactivity1-Cabelleza", "CS311-prelimactivity1-Cabelleza\CS311-prelimactivity1-Cabelleza.csproj", "{4D355A64-F81E-4B20-B670-641A3A95FB0E}"
EndProject
Global
	GlobalSection(SolutionConfigurationPlatforms) = preSolution
		Debug|Any CPU = Debug|Any CPU
		Release|Any CPU = Release|Any CPU
	EndGlobalSection
	GlobalSection(ProjectConfigurationPlatforms) = postSolution
		{4D355A64-F81E-4B20-B670-641A3A95FB0E}.Debug|Any CPU.ActiveCfg = Debug|Any CPU
		{4D355A64-F81E-4B20-B670-641A3A95FB0E}.Debug|Any CPU.Build.0 = Debug|Any CPU
		{4D355A64-F81E-4B20-B670-641A3A95FB0E}.Release|Any CPU.ActiveCfg = Release|Any CPU
		{4D355A64-F81E-4B20-B670-641A3A95FB0E}.Release|Any CPU.Build.0 = Release|Any CPU
	EndGlobalSection
	GlobalSection(SolutionProperties) = preSolution
		HideSolutionNode = FALSE
	EndGlobalSection
	GlobalSection(ExtensibilityGlobals) = postSolution
		SolutionGuid = {484DAE7D-A965-4897-BB08-87575BF1F25E}
	EndGlobalSection
EndGlobal
